// !$*UTF8*$!
{
	archiveVersion = 1;
	classes = {
	};
	objectVersion = 46;
	objects = {

/* Begin PBXBuildFile section */
		2CBEEE80C9E5142BC94BCB8E /* Pods_GiphyApp.framework in Frameworks */ = {isa = PBXBuildFile; fileRef = 3AC134D295C5AE83BE2C5F97 /* Pods_GiphyApp.framework */; };
		840F56701F06602F004FC8A7 /* ActivityIndicator.swift in Sources */ = {isa = PBXBuildFile; fileRef = 840F566F1F06602F004FC8A7 /* ActivityIndicator.swift */; };
		840F56721F06A700004FC8A7 /* ReachabilityManager.swift in Sources */ = {isa = PBXBuildFile; fileRef = 840F56711F06A700004FC8A7 /* ReachabilityManager.swift */; };
		8453AB991F0123E40060AE16 /* AppDelegate.swift in Sources */ = {isa = PBXBuildFile; fileRef = 8453AB981F0123E40060AE16 /* AppDelegate.swift */; };
		8453AB9B1F0123E40060AE16 /* SearchViewController.swift in Sources */ = {isa = PBXBuildFile; fileRef = 8453AB9A1F0123E40060AE16 /* SearchViewController.swift */; };
		8453AB9E1F0123E40060AE16 /* Main.storyboard in Resources */ = {isa = PBXBuildFile; fileRef = 8453AB9C1F0123E40060AE16 /* Main.storyboard */; };
		8453ABA01F0123E40060AE16 /* Assets.xcassets in Resources */ = {isa = PBXBuildFile; fileRef = 8453AB9F1F0123E40060AE16 /* Assets.xcassets */; };
		8453ABA31F0123E40060AE16 /* LaunchScreen.storyboard in Resources */ = {isa = PBXBuildFile; fileRef = 8453ABA11F0123E40060AE16 /* LaunchScreen.storyboard */; };
		848CB29B1F01838B002FD70A /* ImagesCollectionViewCell.swift in Sources */ = {isa = PBXBuildFile; fileRef = 848CB2991F01838B002FD70A /* ImagesCollectionViewCell.swift */; };
		848CB29C1F01838B002FD70A /* ImagesCollectionViewCell.xib in Resources */ = {isa = PBXBuildFile; fileRef = 848CB29A1F01838B002FD70A /* ImagesCollectionViewCell.xib */; };
		848CB29F1F018526002FD70A /* UIKit+Extensions.swift in Sources */ = {isa = PBXBuildFile; fileRef = 848CB29E1F018526002FD70A /* UIKit+Extensions.swift */; };
		849091101F0130EA00F0BFAB /* NetworkingService.swift in Sources */ = {isa = PBXBuildFile; fileRef = 8490910F1F0130EA00F0BFAB /* NetworkingService.swift */; };
		849091141F013D7D00F0BFAB /* Images.swift in Sources */ = {isa = PBXBuildFile; fileRef = 849091131F013D7D00F0BFAB /* Images.swift */; };
		84C4A1D21F05561A000622D8 /* FooterCollectionView.swift in Sources */ = {isa = PBXBuildFile; fileRef = 84C4A1D01F05561A000622D8 /* FooterCollectionView.swift */; };
		84C4A1D31F05561A000622D8 /* FooterCollectionView.xib in Resources */ = {isa = PBXBuildFile; fileRef = 84C4A1D11F05561A000622D8 /* FooterCollectionView.xib */; };
		84C4A1D51F059D86000622D8 /* ImageViewController.swift in Sources */ = {isa = PBXBuildFile; fileRef = 84C4A1D41F059D86000622D8 /* ImageViewController.swift */; };
/* End PBXBuildFile section */

/* Begin PBXFileReference section */
		3AC134D295C5AE83BE2C5F97 /* Pods_GiphyApp.framework */ = {isa = PBXFileReference; explicitFileType = wrapper.framework; includeInIndex = 0; path = Pods_GiphyApp.framework; sourceTree = BUILT_PRODUCTS_DIR; };
		840F566F1F06602F004FC8A7 /* ActivityIndicator.swift */ = {isa = PBXFileReference; fileEncoding = 4; lastKnownFileType = sourcecode.swift; name = ActivityIndicator.swift; path = Extensions/ActivityIndicator.swift; sourceTree = "<group>"; };
		840F56711F06A700004FC8A7 /* ReachabilityManager.swift */ = {isa = PBXFileReference; fileEncoding = 4; lastKnownFileType = sourcecode.swift; name = ReachabilityManager.swift; path = Extensions/ReachabilityManager.swift; sourceTree = "<group>"; };
		8453AB951F0123E30060AE16 /* GiphyApp.app */ = {isa = PBXFileReference; explicitFileType = wrapper.application; includeInIndex = 0; path = GiphyApp.app; sourceTree = BUILT_PRODUCTS_DIR; };
		8453AB981F0123E40060AE16 /* AppDelegate.swift */ = {isa = PBXFileReference; lastKnownFileType = sourcecode.swift; path = AppDelegate.swift; sourceTree = "<group>"; };
		8453AB9A1F0123E40060AE16 /* SearchViewController.swift */ = {isa = PBXFileReference; lastKnownFileType = sourcecode.swift; path = SearchViewController.swift; sourceTree = "<group>"; };
		8453AB9D1F0123E40060AE16 /* Base */ = {isa = PBXFileReference; lastKnownFileType = file.storyboard; name = Base; path = Base.lproj/Main.storyboard; sourceTree = "<group>"; };
		8453AB9F1F0123E40060AE16 /* Assets.xcassets */ = {isa = PBXFileReference; lastKnownFileType = folder.assetcatalog; path = Assets.xcassets; sourceTree = "<group>"; };
		8453ABA21F0123E40060AE16 /* Base */ = {isa = PBXFileReference; lastKnownFileType = file.storyboard; name = Base; path = Base.lproj/LaunchScreen.storyboard; sourceTree = "<group>"; };
		8453ABA41F0123E40060AE16 /* Info.plist */ = {isa = PBXFileReference; lastKnownFileType = text.plist.xml; path = Info.plist; sourceTree = "<group>"; };
		848CB2991F01838B002FD70A /* ImagesCollectionViewCell.swift */ = {isa = PBXFileReference; fileEncoding = 4; lastKnownFileType = sourcecode.swift; name = ImagesCollectionViewCell.swift; path = Cell/ImagesCollectionViewCell.swift; sourceTree = "<group>"; };
		848CB29A1F01838B002FD70A /* ImagesCollectionViewCell.xib */ = {isa = PBXFileReference; fileEncoding = 4; lastKnownFileType = file.xib; name = ImagesCollectionViewCell.xib; path = Cell/ImagesCollectionViewCell.xib; sourceTree = "<group>"; };
		848CB29E1F018526002FD70A /* UIKit+Extensions.swift */ = {isa = PBXFileReference; fileEncoding = 4; lastKnownFileType = sourcecode.swift; name = "UIKit+Extensions.swift"; path = "Extensions/UIKit+Extensions.swift"; sourceTree = "<group>"; };
		8490910F1F0130EA00F0BFAB /* NetworkingService.swift */ = {isa = PBXFileReference; fileEncoding = 4; lastKnownFileType = sourcecode.swift; name = NetworkingService.swift; path = Services/Networking/NetworkingService.swift; sourceTree = "<group>"; };
		849091131F013D7D00F0BFAB /* Images.swift */ = {isa = PBXFileReference; fileEncoding = 4; lastKnownFileType = sourcecode.swift; name = Images.swift; path = Models/Images.swift; sourceTree = "<group>"; };
		84C4A1D01F05561A000622D8 /* FooterCollectionView.swift */ = {isa = PBXFileReference; fileEncoding = 4; lastKnownFileType = sourcecode.swift; name = FooterCollectionView.swift; path = Cell/FooterCollectionView.swift; sourceTree = "<group>"; };
		84C4A1D11F05561A000622D8 /* FooterCollectionView.xib */ = {isa = PBXFileReference; fileEncoding = 4; lastKnownFileType = file.xib; name = FooterCollectionView.xib; path = Cell/FooterCollectionView.xib; sourceTree = "<group>"; };
		84C4A1D41F059D86000622D8 /* ImageViewController.swift */ = {isa = PBXFileReference; fileEncoding = 4; lastKnownFileType = sourcecode.swift; path = ImageViewController.swift; sourceTree = "<group>"; };
		95BF88F56E0D542262C35607 /* Pods-GiphyApp.debug.xcconfig */ = {isa = PBXFileReference; includeInIndex = 1; lastKnownFileType = text.xcconfig; name = "Pods-GiphyApp.debug.xcconfig"; path = "Pods/Target Support Files/Pods-GiphyApp/Pods-GiphyApp.debug.xcconfig"; sourceTree = "<group>"; };
		E85A0A892F4E3969DDCE53C5 /* Pods-GiphyApp.release.xcconfig */ = {isa = PBXFileReference; includeInIndex = 1; lastKnownFileType = text.xcconfig; name = "Pods-GiphyApp.release.xcconfig"; path = "Pods/Target Support Files/Pods-GiphyApp/Pods-GiphyApp.release.xcconfig"; sourceTree = "<group>"; };
/* End PBXFileReference section */

/* Begin PBXFrameworksBuildPhase section */
		8453AB921F0123E30060AE16 /* Frameworks */ = {
			isa = PBXFrameworksBuildPhase;
			buildActionMask = 2147483647;
			files = (
				2CBEEE80C9E5142BC94BCB8E /* Pods_GiphyApp.framework in Frameworks */,
			);
			runOnlyForDeploymentPostprocessing = 0;
		};
/* End PBXFrameworksBuildPhase section */

/* Begin PBXGroup section */
		5DBA791CE742247DFE2866E9 /* Pods */ = {
			isa = PBXGroup;
			children = (
				95BF88F56E0D542262C35607 /* Pods-GiphyApp.debug.xcconfig */,
				E85A0A892F4E3969DDCE53C5 /* Pods-GiphyApp.release.xcconfig */,
			);
			name = Pods;
			sourceTree = "<group>";
		};
		840F56731F06A9B5004FC8A7 /* Controllers */ = {
			isa = PBXGroup;
			children = (
				8453AB9A1F0123E40060AE16 /* SearchViewController.swift */,
				84C4A1D41F059D86000622D8 /* ImageViewController.swift */,
			);
			name = Controllers;
			sourceTree = "<group>";
		};
		8453AB8C1F0123E30060AE16 = {
			isa = PBXGroup;
			children = (
				8453AB971F0123E40060AE16 /* GiphyApp */,
				8453AB961F0123E30060AE16 /* Products */,
				5DBA791CE742247DFE2866E9 /* Pods */,
				EE67FD6F0413854D932F3881 /* Frameworks */,
			);
			sourceTree = "<group>";
		};
		8453AB961F0123E30060AE16 /* Products */ = {
			isa = PBXGroup;
			children = (
				8453AB951F0123E30060AE16 /* GiphyApp.app */,
			);
			name = Products;
			sourceTree = "<group>";
		};
		8453AB971F0123E40060AE16 /* GiphyApp */ = {
			isa = PBXGroup;
			children = (
				840F56731F06A9B5004FC8A7 /* Controllers */,
				848CB29D1F018396002FD70A /* Cell */,
				849091111F013AC300F0BFAB /* Services */,
				849091151F013D8000F0BFAB /* Models */,
				848CB2A01F018553002FD70A /* Extensions */,
				8453ABAB1F0128450060AE16 /* Storyboards */,
				8453ABAA1F0128240060AE16 /* Supporting Files */,
			);
			path = GiphyApp;
			sourceTree = "<group>";
		};
		8453ABAA1F0128240060AE16 /* Supporting Files */ = {
			isa = PBXGroup;
			children = (
				8453AB981F0123E40060AE16 /* AppDelegate.swift */,
				8453AB9F1F0123E40060AE16 /* Assets.xcassets */,
				8453ABA41F0123E40060AE16 /* Info.plist */,
			);
			name = "Supporting Files";
			sourceTree = "<group>";
		};
		8453ABAB1F0128450060AE16 /* Storyboards */ = {
			isa = PBXGroup;
			children = (
				8453AB9C1F0123E40060AE16 /* Main.storyboard */,
				8453ABA11F0123E40060AE16 /* LaunchScreen.storyboard */,
			);
			name = Storyboards;
			sourceTree = "<group>";
		};
		848CB29D1F018396002FD70A /* Cell */ = {
			isa = PBXGroup;
			children = (
				848CB2991F01838B002FD70A /* ImagesCollectionViewCell.swift */,
				848CB29A1F01838B002FD70A /* ImagesCollectionViewCell.xib */,
				84C4A1D01F05561A000622D8 /* FooterCollectionView.swift */,
				84C4A1D11F05561A000622D8 /* FooterCollectionView.xib */,
			);
			name = Cell;
			sourceTree = "<group>";
		};
		848CB2A01F018553002FD70A /* Extensions */ = {
			isa = PBXGroup;
			children = (
				848CB29E1F018526002FD70A /* UIKit+Extensions.swift */,
				840F566F1F06602F004FC8A7 /* ActivityIndicator.swift */,
				840F56711F06A700004FC8A7 /* ReachabilityManager.swift */,
			);
			name = Extensions;
			sourceTree = "<group>";
		};
		849091111F013AC300F0BFAB /* Services */ = {
			isa = PBXGroup;
			children = (
				849091121F013AD700F0BFAB /* Networking */,
			);
			name = Services;
			sourceTree = "<group>";
		};
		849091121F013AD700F0BFAB /* Networking */ = {
			isa = PBXGroup;
			children = (
				8490910F1F0130EA00F0BFAB /* NetworkingService.swift */,
			);
			name = Networking;
			sourceTree = "<group>";
		};
		849091151F013D8000F0BFAB /* Models */ = {
			isa = PBXGroup;
			children = (
				849091131F013D7D00F0BFAB /* Images.swift */,
			);
			name = Models;
			sourceTree = "<group>";
		};
		EE67FD6F0413854D932F3881 /* Frameworks */ = {
			isa = PBXGroup;
			children = (
				3AC134D295C5AE83BE2C5F97 /* Pods_GiphyApp.framework */,
			);
			name = Frameworks;
			sourceTree = "<group>";
		};
/* End PBXGroup section */

/* Begin PBXNativeTarget section */
		8453AB941F0123E30060AE16 /* GiphyApp */ = {
			isa = PBXNativeTarget;
			buildConfigurationList = 8453ABA71F0123E40060AE16 /* Build configuration list for PBXNativeTarget "GiphyApp" */;
			buildPhases = (
				BC5881E0D4F600F1589DD466 /* [CP] Check Pods Manifest.lock */,
				8453AB911F0123E30060AE16 /* Sources */,
				8453AB921F0123E30060AE16 /* Frameworks */,
				8453AB931F0123E30060AE16 /* Resources */,
				4DE4130F7EF9D6D62E00E25F /* [CP] Embed Pods Frameworks */,
				4D5164CCB9057F9D52AD71DC /* [CP] Copy Pods Resources */,
			);
			buildRules = (
			);
			dependencies = (
			);
			name = GiphyApp;
			productName = GiphyApp;
			productReference = 8453AB951F0123E30060AE16 /* GiphyApp.app */;
			productType = "com.apple.product-type.application";
		};
/* End PBXNativeTarget section */

/* Begin PBXProject section */
		8453AB8D1F0123E30060AE16 /* Project object */ = {
			isa = PBXProject;
			attributes = {
				LastSwiftUpdateCheck = 0830;
				LastUpgradeCheck = 0830;
				ORGANIZATIONNAME = "Pavel Samsonov";
				TargetAttributes = {
					8453AB941F0123E30060AE16 = {
						CreatedOnToolsVersion = 8.3.3;
						DevelopmentTeam = R587H6JBHE;
						ProvisioningStyle = Automatic;
					};
				};
			};
			buildConfigurationList = 8453AB901F0123E30060AE16 /* Build configuration list for PBXProject "GiphyApp" */;
			compatibilityVersion = "Xcode 3.2";
			developmentRegion = English;
			hasScannedForEncodings = 0;
			knownRegions = (
				en,
				Base,
			);
			mainGroup = 8453AB8C1F0123E30060AE16;
			productRefGroup = 8453AB961F0123E30060AE16 /* Products */;
			projectDirPath = "";
			projectRoot = "";
			targets = (
				8453AB941F0123E30060AE16 /* GiphyApp */,
			);
		};
/* End PBXProject section */

/* Begin PBXResourcesBuildPhase section */
		8453AB931F0123E30060AE16 /* Resources */ = {
			isa = PBXResourcesBuildPhase;
			buildActionMask = 2147483647;
			files = (
				84C4A1D31F05561A000622D8 /* FooterCollectionView.xib in Resources */,
				8453ABA31F0123E40060AE16 /* LaunchScreen.storyboard in Resources */,
				8453ABA01F0123E40060AE16 /* Assets.xcassets in Resources */,
				848CB29C1F01838B002FD70A /* ImagesCollectionViewCell.xib in Resources */,
				8453AB9E1F0123E40060AE16 /* Main.storyboard in Resources */,
			);
			runOnlyForDeploymentPostprocessing = 0;
		};
/* End PBXResourcesBuildPhase section */

/* Begin PBXShellScriptBuildPhase section */
		4D5164CCB9057F9D52AD71DC /* [CP] Copy Pods Resources */ = {
			isa = PBXShellScriptBuildPhase;
			buildActionMask = 2147483647;
			files = (
			);
			inputPaths = (
			);
			name = "[CP] Copy Pods Resources";
			outputPaths = (
			);
			runOnlyForDeploymentPostprocessing = 0;
			shellPath = /bin/sh;
			shellScript = "\"${SRCROOT}/Pods/Target Support Files/Pods-GiphyApp/Pods-GiphyApp-resources.sh\"\n";
			showEnvVarsInLog = 0;
		};
		4DE4130F7EF9D6D62E00E25F /* [CP] Embed Pods Frameworks */ = {
			isa = PBXShellScriptBuildPhase;
			buildActionMask = 2147483647;
			files = (
			);
			inputPaths = (
			);
			name = "[CP] Embed Pods Frameworks";
			outputPaths = (
			);
			runOnlyForDeploymentPostprocessing = 0;
			shellPath = /bin/sh;
			shellScript = "\"${SRCROOT}/Pods/Target Support Files/Pods-GiphyApp/Pods-GiphyApp-frameworks.sh\"\n";
			showEnvVarsInLog = 0;
		};
		BC5881E0D4F600F1589DD466 /* [CP] Check Pods Manifest.lock */ = {
			isa = PBXShellScriptBuildPhase;
			buildActionMask = 2147483647;
			files = (
			);
			inputPaths = (
			);
			name = "[CP] Check Pods Manifest.lock";
			outputPaths = (
			);
			runOnlyForDeploymentPostprocessing = 0;
			shellPath = /bin/sh;
			shellScript = "diff \"${PODS_PODFILE_DIR_PATH}/Podfile.lock\" \"${PODS_ROOT}/Manifest.lock\" > /dev/null\nif [ $? != 0 ] ; then\n    # print error to STDERR\n    echo \"error: The sandbox is not in sync with the Podfile.lock. Run 'pod install' or update your CocoaPods installation.\" >&2\n    exit 1\nfi\n";
			showEnvVarsInLog = 0;
		};
/* End PBXShellScriptBuildPhase section */

/* Begin PBXSourcesBuildPhase section */
		8453AB911F0123E30060AE16 /* Sources */ = {
			isa = PBXSourcesBuildPhase;
			buildActionMask = 2147483647;
			files = (
				8453AB9B1F0123E40060AE16 /* SearchViewController.swift in Sources */,
				849091141F013D7D00F0BFAB /* Images.swift in Sources */,
				84C4A1D21F05561A000622D8 /* FooterCollectionView.swift in Sources */,
				848CB29F1F018526002FD70A /* UIKit+Extensions.swift in Sources */,
				840F56721F06A700004FC8A7 /* ReachabilityManager.swift in Sources */,
				849091101F0130EA00F0BFAB /* NetworkingService.swift in Sources */,
				848CB29B1F01838B002FD70A /* ImagesCollectionViewCell.swift in Sources */,
				84C4A1D51F059D86000622D8 /* ImageViewController.swift in Sources */,
				840F56701F06602F004FC8A7 /* ActivityIndicator.swift in Sources */,
				8453AB991F0123E40060AE16 /* AppDelegate.swift in Sources */,
			);
			runOnlyForDeploymentPostprocessing = 0;
		};
/* End PBXSourcesBuildPhase section */

/* Begin PBXVariantGroup section */
		8453AB9C1F0123E40060AE16 /* Main.storyboard */ = {
			isa = PBXVariantGroup;
			children = (
				8453AB9D1F0123E40060AE16 /* Base */,
			);
			name = Main.storyboard;
			sourceTree = "<group>";
		};
		8453ABA11F0123E40060AE16 /* LaunchScreen.storyboard */ = {
			isa = PBXVariantGroup;
			children = (
				8453ABA21F0123E40060AE16 /* Base */,
			);
			name = LaunchScreen.storyboard;
			sourceTree = "<group>";
		};
/* End PBXVariantGroup section */

/* Begin XCBuildConfiguration section */
		8453ABA51F0123E40060AE16 /* Debug */ = {
			isa = XCBuildConfiguration;
			buildSettings = {
				ALWAYS_SEARCH_USER_PATHS = NO;
				CLANG_ANALYZER_NONNULL = YES;
				CLANG_ANALYZER_NUMBER_OBJECT_CONVERSION = YES_AGGRESSIVE;
				CLANG_CXX_LANGUAGE_STANDARD = "gnu++0x";
				CLANG_CXX_LIBRARY = "libc++";
				CLANG_ENABLE_MODULES = YES;
				CLANG_ENABLE_OBJC_ARC = YES;
				CLANG_WARN_BOOL_CONVERSION = YES;
				CLANG_WARN_CONSTANT_CONVERSION = YES;
				CLANG_WARN_DIRECT_OBJC_ISA_USAGE = YES_ERROR;
				CLANG_WARN_DOCUMENTATION_COMMENTS = YES;
				CLANG_WARN_EMPTY_BODY = YES;
				CLANG_WARN_ENUM_CONVERSION = YES;
				CLANG_WARN_INFINITE_RECURSION = YES;
				CLANG_WARN_INT_CONVERSION = YES;
				CLANG_WARN_OBJC_ROOT_CLASS = YES_ERROR;
				CLANG_WARN_SUSPICIOUS_MOVE = YES;
				CLANG_WARN_UNREACHABLE_CODE = YES;
				CLANG_WARN__DUPLICATE_METHOD_MATCH = YES;
				"CODE_SIGN_IDENTITY[sdk=iphoneos*]" = "iPhone Developer";
				COPY_PHASE_STRIP = NO;
				DEBUG_INFORMATION_FORMAT = dwarf;
				ENABLE_STRICT_OBJC_MSGSEND = YES;
				ENABLE_TESTABILITY = YES;
				GCC_C_LANGUAGE_STANDARD = gnu99;
				GCC_DYNAMIC_NO_PIC = NO;
				GCC_NO_COMMON_BLOCKS = YES;
				GCC_OPTIMIZATION_LEVEL = 0;
				GCC_PREPROCESSOR_DEFINITIONS = (
					"DEBUG=1",
					"$(inherited)",
				);
				GCC_WARN_64_TO_32_BIT_CONVERSION = YES;
				GCC_WARN_ABOUT_RETURN_TYPE = YES_ERROR;
				GCC_WARN_UNDECLARED_SELECTOR = YES;
				GCC_WARN_UNINITIALIZED_AUTOS = YES_AGGRESSIVE;
				GCC_WARN_UNUSED_FUNCTION = YES;
				GCC_WARN_UNUSED_VARIABLE = YES;
				IPHONEOS_DEPLOYMENT_TARGET = 8.0;
				MTL_ENABLE_DEBUG_INFO = YES;
				ONLY_ACTIVE_ARCH = YES;
				SDKROOT = iphoneos;
				SWIFT_ACTIVE_COMPILATION_CONDITIONS = DEBUG;
				SWIFT_OPTIMIZATION_LEVEL = "-Onone";
			};
			name = Debug;
		};
		8453ABA61F0123E40060AE16 /* Release */ = {
			isa = XCBuildConfiguration;
			buildSettings = {
				ALWAYS_SEARCH_USER_PATHS = NO;
				CLANG_ANALYZER_NONNULL = YES;
				CLANG_ANALYZER_NUMBER_OBJECT_CONVERSION = YES_AGGRESSIVE;
				CLANG_CXX_LANGUAGE_STANDARD = "gnu++0x";
				CLANG_CXX_LIBRARY = "libc++";
				CLANG_ENABLE_MODULES = YES;
				CLANG_ENABLE_OBJC_ARC = YES;
				CLANG_WARN_BOOL_CONVERSION = YES;
				CLANG_WARN_CONSTANT_CONVERSION = YES;
				CLANG_WARN_DIRECT_OBJC_ISA_USAGE = YES_ERROR;
				CLANG_WARN_DOCUMENTATION_COMMENTS = YES;
				CLANG_WARN_EMPTY_BODY = YES;
				CLANG_WARN_ENUM_CONVERSION = YES;
				CLANG_WARN_INFINITE_RECURSION = YES;
				CLANG_WARN_INT_CONVERSION = YES;
				CLANG_WARN_OBJC_ROOT_CLASS = YES_ERROR;
				CLANG_WARN_SUSPICIOUS_MOVE = YES;
				CLANG_WARN_UNREACHABLE_CODE = YES;
				CLANG_WARN__DUPLICATE_METHOD_MATCH = YES;
				"CODE_SIGN_IDENTITY[sdk=iphoneos*]" = "iPhone Developer";
				COPY_PHASE_STRIP = NO;
				DEBUG_INFORMATION_FORMAT = "dwarf-with-dsym";
				ENABLE_NS_ASSERTIONS = NO;
				ENABLE_STRICT_OBJC_MSGSEND = YES;
				GCC_C_LANGUAGE_STANDARD = gnu99;
				GCC_NO_COMMON_BLOCKS = YES;
				GCC_WARN_64_TO_32_BIT_CONVERSION = YES;
				GCC_WARN_ABOUT_RETURN_TYPE = YES_ERROR;
				GCC_WARN_UNDECLARED_SELECTOR = YES;
				GCC_WARN_UNINITIALIZED_AUTOS = YES_AGGRESSIVE;
				GCC_WARN_UNUSED_FUNCTION = YES;
				GCC_WARN_UNUSED_VARIABLE = YES;
				IPHONEOS_DEPLOYMENT_TARGET = 8.0;
				MTL_ENABLE_DEBUG_INFO = NO;
				SDKROOT = iphoneos;
				SWIFT_OPTIMIZATION_LEVEL = "-Owholemodule";
				VALIDATE_PRODUCT = YES;
			};
			name = Release;
		};
		8453ABA81F0123E40060AE16 /* Debug */ = {
			isa = XCBuildConfiguration;
			baseConfigurationReference = 95BF88F56E0D542262C35607 /* Pods-GiphyApp.debug.xcconfig */;
			buildSettings = {
				ASSETCATALOG_COMPILER_APPICON_NAME = AppIcon;
				DEVELOPMENT_TEAM = R587H6JBHE;
				INFOPLIST_FILE = GiphyApp/Info.plist;
				IPHONEOS_DEPLOYMENT_TARGET = 8.0;
				LD_RUNPATH_SEARCH_PATHS = "$(inherited) @executable_path/Frameworks";
				PRODUCT_BUNDLE_IDENTIFIER = com.samsonovpavel.home.GiphyApp;
				PRODUCT_NAME = "$(TARGET_NAME)";
				SWIFT_VERSION = 3.0;
				TARGETED_DEVICE_FAMILY = "1,2";
			};
			name = Debug;
		};
		8453ABA91F0123E40060AE16 /* Release */ = {
			isa = XCBuildConfiguration;
			baseConfigurationReference = E85A0A892F4E3969DDCE53C5 /* Pods-GiphyApp.release.xcconfig */;
			buildSettings = {
				ASSETCATALOG_COMPILER_APPICON_NAME = AppIcon;
				DEVELOPMENT_TEAM = R587H6JBHE;
				INFOPLIST_FILE = GiphyApp/Info.plist;
				IPHONEOS_DEPLOYMENT_TARGET = 8.0;
				LD_RUNPATH_SEARCH_PATHS = "$(inherited) @executable_path/Frameworks";
				PRODUCT_BUNDLE_IDENTIFIER = com.samsonovpavel.home.GiphyApp;
				PRODUCT_NAME = "$(TARGET_NAME)";
				SWIFT_VERSION = 3.0;
				TARGETED_DEVICE_FAMILY = "1,2";
			};
			name = Release;
		};
/* End XCBuildConfiguration section */

/* Begin XCConfigurationList section */
		8453AB901F0123E30060AE16 /* Build configuration list for PBXProject "GiphyApp" */ = {
			isa = XCConfigurationList;
			buildConfigurations = (
				8453ABA51F0123E40060AE16 /* Debug */,
				8453ABA61F0123E40060AE16 /* Release */,
			);
			defaultConfigurationIsVisible = 0;
			defaultConfigurationName = Release;
		};
		8453ABA71F0123E40060AE16 /* Build configuration list for PBXNativeTarget "GiphyApp" */ = {
			isa = XCConfigurationList;
			buildConfigurations = (
				8453ABA81F0123E40060AE16 /* Debug */,
				8453ABA91F0123E40060AE16 /* Release */,
			);
			defaultConfigurationIsVisible = 0;
			defaultConfigurationName = Release;
		};
/* End XCConfigurationList section */
	};
	rootObject = 8453AB8D1F0123E30060AE16 /* Project object */;
}
